
Microsoft Visual Studio Solution File, Format Version 12.00
# Visual Studio Version 16
VisualStudioVersion = 16.0.30907.101
MinimumVisualStudioVersion = 10.0.40219.1
Project("{9A19103F-16F7-4668-BE54-9A1E7A4F7556}") = "AuthServer", "AuthServer\AuthServer.csproj", "{A89803A9-FE1F-47BE-92DA-AC23879D4DF7}"
EndProject
Project("{9A19103F-16F7-4668-BE54-9A1E7A4F7556}") = "GarantiAPI", "GarantiAPI\GarantiAPI.csproj", "{8A88865B-AB5A-457F-875A-AAE4C0FBFDF1}"
EndProject
Project("{9A19103F-16F7-4668-BE54-9A1E7A4F7556}") = "HalkbankAPI", "HalkbankAPI\HalkbankAPI.csproj", "{CA087523-D278-4C0D-B48E-BD23A89449E6}"
EndProject
Global
	GlobalSection(SolutionConfigurationPlatforms) = preSolution
		Debug|Any CPU = Debug|Any CPU
		Release|Any CPU = Release|Any CPU
	EndGlobalSection
	GlobalSection(ProjectConfigurationPlatforms) = postSolution
		{A89803A9-FE1F-47BE-92DA-AC23879D4DF7}.Debug|Any CPU.ActiveCfg = Debug|Any CPU
		{A89803A9-FE1F-47BE-92DA-AC23879D4DF7}.Debug|Any CPU.Build.0 = Debug|Any CPU
		{A89803A9-FE1F-47BE-92DA-AC23879D4DF7}.Release|Any CPU.ActiveCfg = Release|Any CPU
		{A89803A9-FE1F-47BE-92DA-AC23879D4DF7}.Release|Any CPU.Build.0 = Release|Any CPU
		{8A88865B-AB5A-457F-875A-AAE4C0FBFDF1}.Debug|Any CPU.ActiveCfg = Debug|Any CPU
		{8A88865B-AB5A-457F-875A-AAE4C0FBFDF1}.Debug|Any CPU.Build.0 = Debug|Any CPU
		{8A88865B-AB5A-457F-875A-AAE4C0FBFDF1}.Release|Any CPU.ActiveCfg = Release|Any CPU
		{8A88865B-AB5A-457F-875A-AAE4C0FBFDF1}.Release|Any CPU.Build.0 = Release|Any CPU
		{CA087523-D278-4C0D-B48E-BD23A89449E6}.Debug|Any CPU.ActiveCfg = Debug|Any CPU
		{CA087523-D278-4C0D-B48E-BD23A89449E6}.Debug|Any CPU.Build.0 = Debug|Any CPU
		{CA087523-D278-4C0D-B48E-BD23A89449E6}.Release|Any CPU.ActiveCfg = Release|Any CPU
		{CA087523-D278-4C0D-B48E-BD23A89449E6}.Release|Any CPU.Build.0 = Release|Any CPU
	EndGlobalSection
	GlobalSection(SolutionProperties) = preSolution
		HideSolutionNode = FALSE
	EndGlobalSection
	GlobalSection(ExtensibilityGlobals) = postSolution
		SolutionGuid = {78342376-48F3-4B55-9A2D-54CFADF08087}
	EndGlobalSection
EndGlobal
